
Microsoft Visual Studio Solution File, Format Version 12.00
# Visual Studio Version 16
VisualStudioVersion = 16.0.29806.167
MinimumVisualStudioVersion = 10.0.40219.1
Project("{FAE04EC0-301F-11D3-BF4B-00C04F79EFBC}") = "Client", "Client.csproj", "{E61D9F2A-A767-4D76-8765-BAD5C2BF01B2}"
EndProject
Global
	GlobalSection(SolutionConfigurationPlatforms) = preSolution
		Debug|Any CPU = Debug|Any CPU
		Release|Any CPU = Release|Any CPU
	EndGlobalSection
	GlobalSection(ProjectConfigurationPlatforms) = postSolution
		{E61D9F2A-A767-4D76-8765-BAD5C2BF01B2}.Debug|Any CPU.ActiveCfg = Debug|Any CPU
		{E61D9F2A-A767-4D76-8765-BAD5C2BF01B2}.Debug|Any CPU.Build.0 = Debug|Any CPU
		{E61D9F2A-A767-4D76-8765-BAD5C2BF01B2}.Release|Any CPU.ActiveCfg = Release|Any CPU
		{E61D9F2A-A767-4D76-8765-BAD5C2BF01B2}.Release|Any CPU.Build.0 = Release|Any CPU
	EndGlobalSection
	GlobalSection(SolutionProperties) = preSolution
		HideSolutionNode = FALSE
	EndGlobalSection
	GlobalSection(ExtensibilityGlobals) = postSolution
		SolutionGuid = {8478E191-8DE7-46AC-9D25-24983C0C5AE5}
	EndGlobalSection
EndGlobal
